
Microsoft Visual Studio Solution File, Format Version 12.00
# Visual Studio 2013
VisualStudioVersion = 12.0.21005.1
MinimumVisualStudioVersion = 10.0.40219.1
Project("{8BC9CEB8-8B4A-11D0-8D11-00A0C91BC942}") = "指定域宽和小数位数时，一个双精度数只能保证15位有效数字的精度", "指定域宽和小数位数时，一个双精度数只能保证15位有效数字的精度\指定域宽和小数位数时，一个双精度数只能保证15位有效数字的精度.vcxproj", "{C670571C-51B3-4149-AED6-94CBD2632D18}"
EndProject
Global
	GlobalSection(SolutionConfigurationPlatforms) = preSolution
		Debug|Win32 = Debug|Win32
		Release|Win32 = Release|Win32
	EndGlobalSection
	GlobalSection(ProjectConfigurationPlatforms) = postSolution
		{C670571C-51B3-4149-AED6-94CBD2632D18}.Debug|Win32.ActiveCfg = Debug|Win32
		{C670571C-51B3-4149-AED6-94CBD2632D18}.Debug|Win32.Build.0 = Debug|Win32
		{C670571C-51B3-4149-AED6-94CBD2632D18}.Release|Win32.ActiveCfg = Release|Win32
		{C670571C-51B3-4149-AED6-94CBD2632D18}.Release|Win32.Build.0 = Release|Win32
	EndGlobalSection
	GlobalSection(SolutionProperties) = preSolution
		HideSolutionNode = FALSE
	EndGlobalSection
EndGlobal
