
Microsoft Visual Studio Solution File, Format Version 12.00
# Visual Studio 2013
VisualStudioVersion = 12.0.21005.1
MinimumVisualStudioVersion = 10.0.40219.1
Project("{8BC9CEB8-8B4A-11D0-8D11-00A0C91BC942}") = "统计输入单词的数量", "统计输入单词的数量\统计输入单词的数量.vcxproj", "{72E79C48-424F-4939-BFD1-896BEA9EEB9D}"
EndProject
Global
	GlobalSection(SolutionConfigurationPlatforms) = preSolution
		Debug|Win32 = Debug|Win32
		Release|Win32 = Release|Win32
	EndGlobalSection
	GlobalSection(ProjectConfigurationPlatforms) = postSolution
		{72E79C48-424F-4939-BFD1-896BEA9EEB9D}.Debug|Win32.ActiveCfg = Debug|Win32
		{72E79C48-424F-4939-BFD1-896BEA9EEB9D}.Debug|Win32.Build.0 = Debug|Win32
		{72E79C48-424F-4939-BFD1-896BEA9EEB9D}.Release|Win32.ActiveCfg = Release|Win32
		{72E79C48-424F-4939-BFD1-896BEA9EEB9D}.Release|Win32.Build.0 = Release|Win32
	EndGlobalSection
	GlobalSection(SolutionProperties) = preSolution
		HideSolutionNode = FALSE
	EndGlobalSection
EndGlobal
