
Microsoft Visual Studio Solution File, Format Version 12.00
# Visual Studio 2013
VisualStudioVersion = 12.0.21005.1
MinimumVisualStudioVersion = 10.0.40219.1
Project("{8BC9CEB8-8B4A-11D0-8D11-00A0C91BC942}") = "判断一元二次方程的根并包含虚根", "判断一元二次方程的根并包含虚根\判断一元二次方程的根并包含虚根.vcxproj", "{17F436EC-B9A6-4C92-88DF-CF9D239400B3}"
EndProject
Global
	GlobalSection(SolutionConfigurationPlatforms) = preSolution
		Debug|Win32 = Debug|Win32
		Release|Win32 = Release|Win32
	EndGlobalSection
	GlobalSection(ProjectConfigurationPlatforms) = postSolution
		{17F436EC-B9A6-4C92-88DF-CF9D239400B3}.Debug|Win32.ActiveCfg = Debug|Win32
		{17F436EC-B9A6-4C92-88DF-CF9D239400B3}.Debug|Win32.Build.0 = Debug|Win32
		{17F436EC-B9A6-4C92-88DF-CF9D239400B3}.Release|Win32.ActiveCfg = Release|Win32
		{17F436EC-B9A6-4C92-88DF-CF9D239400B3}.Release|Win32.Build.0 = Release|Win32
	EndGlobalSection
	GlobalSection(SolutionProperties) = preSolution
		HideSolutionNode = FALSE
	EndGlobalSection
EndGlobal
