
Microsoft Visual Studio Solution File, Format Version 12.00
# Visual Studio 2013
VisualStudioVersion = 12.0.21005.1
MinimumVisualStudioVersion = 10.0.40219.1
Project("{8BC9CEB8-8B4A-11D0-8D11-00A0C91BC942}") = "宏定义", "宏定义\宏定义.vcxproj", "{1EC61024-A5BD-4C7C-B85D-AABD0A7F00DA}"
EndProject
Global
	GlobalSection(SolutionConfigurationPlatforms) = preSolution
		Debug|Win32 = Debug|Win32
		Release|Win32 = Release|Win32
	EndGlobalSection
	GlobalSection(ProjectConfigurationPlatforms) = postSolution
		{1EC61024-A5BD-4C7C-B85D-AABD0A7F00DA}.Debug|Win32.ActiveCfg = Debug|Win32
		{1EC61024-A5BD-4C7C-B85D-AABD0A7F00DA}.Debug|Win32.Build.0 = Debug|Win32
		{1EC61024-A5BD-4C7C-B85D-AABD0A7F00DA}.Release|Win32.ActiveCfg = Release|Win32
		{1EC61024-A5BD-4C7C-B85D-AABD0A7F00DA}.Release|Win32.Build.0 = Release|Win32
	EndGlobalSection
	GlobalSection(SolutionProperties) = preSolution
		HideSolutionNode = FALSE
	EndGlobalSection
EndGlobal
