
Microsoft Visual Studio Solution File, Format Version 12.00
# Visual Studio 2013
VisualStudioVersion = 12.0.21005.1
MinimumVisualStudioVersion = 10.0.40219.1
Project("{8BC9CEB8-8B4A-11D0-8D11-00A0C91BC942}") = "利用指针变量输入两个数可选输出最大或最小值", "利用指针变量输入两个数可选输出最大或最小值\利用指针变量输入两个数可选输出最大或最小值.vcxproj", "{11EAA55E-8FF6-4DF6-B44D-E0B83BE2C17C}"
EndProject
Global
	GlobalSection(SolutionConfigurationPlatforms) = preSolution
		Debug|Win32 = Debug|Win32
		Release|Win32 = Release|Win32
	EndGlobalSection
	GlobalSection(ProjectConfigurationPlatforms) = postSolution
		{11EAA55E-8FF6-4DF6-B44D-E0B83BE2C17C}.Debug|Win32.ActiveCfg = Debug|Win32
		{11EAA55E-8FF6-4DF6-B44D-E0B83BE2C17C}.Debug|Win32.Build.0 = Debug|Win32
		{11EAA55E-8FF6-4DF6-B44D-E0B83BE2C17C}.Release|Win32.ActiveCfg = Release|Win32
		{11EAA55E-8FF6-4DF6-B44D-E0B83BE2C17C}.Release|Win32.Build.0 = Release|Win32
	EndGlobalSection
	GlobalSection(SolutionProperties) = preSolution
		HideSolutionNode = FALSE
	EndGlobalSection
EndGlobal
