
Microsoft Visual Studio Solution File, Format Version 12.00
# Visual Studio 2013
VisualStudioVersion = 12.0.21005.1
MinimumVisualStudioVersion = 10.0.40219.1
Project("{8BC9CEB8-8B4A-11D0-8D11-00A0C91BC942}") = "输出1至200内所有能被7整除的数", "输出1至200内所有能被7整除的数\输出1至200内所有能被7整除的数.vcxproj", "{3E53D4AF-29D3-48F4-834D-8B78F39CF8AE}"
EndProject
Global
	GlobalSection(SolutionConfigurationPlatforms) = preSolution
		Debug|Win32 = Debug|Win32
		Release|Win32 = Release|Win32
	EndGlobalSection
	GlobalSection(ProjectConfigurationPlatforms) = postSolution
		{3E53D4AF-29D3-48F4-834D-8B78F39CF8AE}.Debug|Win32.ActiveCfg = Debug|Win32
		{3E53D4AF-29D3-48F4-834D-8B78F39CF8AE}.Debug|Win32.Build.0 = Debug|Win32
		{3E53D4AF-29D3-48F4-834D-8B78F39CF8AE}.Release|Win32.ActiveCfg = Release|Win32
		{3E53D4AF-29D3-48F4-834D-8B78F39CF8AE}.Release|Win32.Build.0 = Release|Win32
	EndGlobalSection
	GlobalSection(SolutionProperties) = preSolution
		HideSolutionNode = FALSE
	EndGlobalSection
EndGlobal
